
Microsoft Visual Studio Solution File, Format Version 12.00
# Visual Studio Version 17
VisualStudioVersion = 17.0.32014.148
MinimumVisualStudioVersion = 10.0.40219.1
Project("{FAE04EC0-301F-11D3-BF4B-00C04F79EFBC}") = "ValorantMenuChanger", "ValorantMenuChanger\ValorantMenuChanger.csproj", "{DE40D83A-9D21-4AE2-A3E3-177DDA898B5D}"
EndProject
Global
	GlobalSection(SolutionConfigurationPlatforms) = preSolution
		Debug|Any CPU = Debug|Any CPU
		Release|Any CPU = Release|Any CPU
	EndGlobalSection
	GlobalSection(ProjectConfigurationPlatforms) = postSolution
		{DE40D83A-9D21-4AE2-A3E3-177DDA898B5D}.Debug|Any CPU.ActiveCfg = Debug|Any CPU
		{DE40D83A-9D21-4AE2-A3E3-177DDA898B5D}.Debug|Any CPU.Build.0 = Debug|Any CPU
		{DE40D83A-9D21-4AE2-A3E3-177DDA898B5D}.Release|Any CPU.ActiveCfg = Release|Any CPU
		{DE40D83A-9D21-4AE2-A3E3-177DDA898B5D}.Release|Any CPU.Build.0 = Release|Any CPU
	EndGlobalSection
	GlobalSection(SolutionProperties) = preSolution
		HideSolutionNode = FALSE
	EndGlobalSection
	GlobalSection(ExtensibilityGlobals) = postSolution
		SolutionGuid = {0C1EB481-EB53-409C-A5B2-D8E24F328C52}
	EndGlobalSection
EndGlobal
